// !$*UTF8*$!
{
	archiveVersion = 1;
	classes = {
	};
	objectVersion = 56;
	objects = {

/* Begin PBXBuildFile section */
		84B856232C48C4200054E514 /* AppDelegate.swift in Sources */ = {isa = PBXBuildFile; fileRef = 84B856222C48C4200054E514 /* AppDelegate.swift */; };
		84B856252C48C4210054E514 /* SceneDelegate.swift in Sources */ = {isa = PBXBuildFile; fileRef = 84B856242C48C4210054E514 /* SceneDelegate.swift */; };
		84B856272C48C4210054E514 /* ChartViewController.swift in Sources */ = {isa = PBXBuildFile; fileRef = 84B856262C48C4210054E514 /* ChartViewController.swift */; };
		84B8562A2C48C4210054E514 /* Base in Resources */ = {isa = PBXBuildFile; fileRef = 84B856292C48C4210054E514 /* Base */; };
		84B8562C2C48C4220054E514 /* Assets.xcassets in Resources */ = {isa = PBXBuildFile; fileRef = 84B8562B2C48C4220054E514 /* Assets.xcassets */; };
		84B8562F2C48C4220054E514 /* Base in Resources */ = {isa = PBXBuildFile; fileRef = 84B8562E2C48C4220054E514 /* Base */; };
		84B8563A2C48C8DB0054E514 /* ChartManager.swift in Sources */ = {isa = PBXBuildFile; fileRef = 84B856392C48C8DB0054E514 /* ChartManager.swift */; };
		84B8563C2C48E63E0054E514 /* ChartedData.swift in Sources */ = {isa = PBXBuildFile; fileRef = 84B8563B2C48E63E0054E514 /* ChartedData.swift */; };
		E903DFD4A0A102E65A65B934 /* Pods_Mobile_Portofolio_App.framework in Frameworks */ = {isa = PBXBuildFile; fileRef = A0752DE897B882957F5150A7 /* Pods_Mobile_Portofolio_App.framework */; };
/* End PBXBuildFile section */

/* Begin PBXFileReference section */
		84B8561F2C48C4200054E514 /* Mobile Portofolio App.app */ = {isa = PBXFileReference; explicitFileType = wrapper.application; includeInIndex = 0; path = "Mobile Portofolio App.app"; sourceTree = BUILT_PRODUCTS_DIR; };
		84B856222C48C4200054E514 /* AppDelegate.swift */ = {isa = PBXFileReference; lastKnownFileType = sourcecode.swift; path = AppDelegate.swift; sourceTree = "<group>"; };
		84B856242C48C4210054E514 /* SceneDelegate.swift */ = {isa = PBXFileReference; lastKnownFileType = sourcecode.swift; path = SceneDelegate.swift; sourceTree = "<group>"; };
		84B856262C48C4210054E514 /* ChartViewController.swift */ = {isa = PBXFileReference; lastKnownFileType = sourcecode.swift; path = ChartViewController.swift; sourceTree = "<group>"; };
		84B856292C48C4210054E514 /* Base */ = {isa = PBXFileReference; lastKnownFileType = file.storyboard; name = Base; path = Base.lproj/Main.storyboard; sourceTree = "<group>"; };
		84B8562B2C48C4220054E514 /* Assets.xcassets */ = {isa = PBXFileReference; lastKnownFileType = folder.assetcatalog; path = Assets.xcassets; sourceTree = "<group>"; };
		84B8562E2C48C4220054E514 /* Base */ = {isa = PBXFileReference; lastKnownFileType = file.storyboard; name = Base; path = Base.lproj/LaunchScreen.storyboard; sourceTree = "<group>"; };
		84B856302C48C4220054E514 /* Info.plist */ = {isa = PBXFileReference; lastKnownFileType = text.plist.xml; path = Info.plist; sourceTree = "<group>"; };
		84B856392C48C8DB0054E514 /* ChartManager.swift */ = {isa = PBXFileReference; lastKnownFileType = sourcecode.swift; path = ChartManager.swift; sourceTree = "<group>"; };
		84B8563B2C48E63E0054E514 /* ChartedData.swift */ = {isa = PBXFileReference; lastKnownFileType = sourcecode.swift; path = ChartedData.swift; sourceTree = "<group>"; };
		9115A6A5D88304C7C9E27411 /* Pods-Mobile Portofolio App.debug.xcconfig */ = {isa = PBXFileReference; includeInIndex = 1; lastKnownFileType = text.xcconfig; name = "Pods-Mobile Portofolio App.debug.xcconfig"; path = "Target Support Files/Pods-Mobile Portofolio App/Pods-Mobile Portofolio App.debug.xcconfig"; sourceTree = "<group>"; };
		A0752DE897B882957F5150A7 /* Pods_Mobile_Portofolio_App.framework */ = {isa = PBXFileReference; explicitFileType = wrapper.framework; includeInIndex = 0; path = Pods_Mobile_Portofolio_App.framework; sourceTree = BUILT_PRODUCTS_DIR; };
		A08E98BEF03FC9CC0504CDD7 /* Pods-Mobile Portofolio App.release.xcconfig */ = {isa = PBXFileReference; includeInIndex = 1; lastKnownFileType = text.xcconfig; name = "Pods-Mobile Portofolio App.release.xcconfig"; path = "Target Support Files/Pods-Mobile Portofolio App/Pods-Mobile Portofolio App.release.xcconfig"; sourceTree = "<group>"; };
/* End PBXFileReference section */

/* Begin PBXFrameworksBuildPhase section */
		84B8561C2C48C4200054E514 /* Frameworks */ = {
			isa = PBXFrameworksBuildPhase;
			buildActionMask = 2147483647;
			files = (
				E903DFD4A0A102E65A65B934 /* Pods_Mobile_Portofolio_App.framework in Frameworks */,
			);
			runOnlyForDeploymentPostprocessing = 0;
		};
/* End PBXFrameworksBuildPhase section */

/* Begin PBXGroup section */
		7A1255F71F26D44A772C3ABB /* Pods */ = {
			isa = PBXGroup;
			children = (
				9115A6A5D88304C7C9E27411 /* Pods-Mobile Portofolio App.debug.xcconfig */,
				A08E98BEF03FC9CC0504CDD7 /* Pods-Mobile Portofolio App.release.xcconfig */,
			);
			path = Pods;
			sourceTree = "<group>";
		};
		84B856162C48C4200054E514 = {
			isa = PBXGroup;
			children = (
				84B856212C48C4200054E514 /* Mobile Portofolio App */,
				84B856202C48C4200054E514 /* Products */,
				7A1255F71F26D44A772C3ABB /* Pods */,
				CCB09BBBF99B7C041B25A99D /* Frameworks */,
			);
			sourceTree = "<group>";
		};
		84B856202C48C4200054E514 /* Products */ = {
			isa = PBXGroup;
			children = (
				84B8561F2C48C4200054E514 /* Mobile Portofolio App.app */,
			);
			name = Products;
			sourceTree = "<group>";
		};
		84B856212C48C4200054E514 /* Mobile Portofolio App */ = {
			isa = PBXGroup;
			children = (
				84B856382C48C8770054E514 /* Controller */,
				84B856372C48C8720054E514 /* View */,
				84B856362C48C8680054E514 /* Model */,
				84B856222C48C4200054E514 /* AppDelegate.swift */,
				84B856242C48C4210054E514 /* SceneDelegate.swift */,
				84B8562B2C48C4220054E514 /* Assets.xcassets */,
				84B8562D2C48C4220054E514 /* LaunchScreen.storyboard */,
				84B856302C48C4220054E514 /* Info.plist */,
			);
			path = "Mobile Portofolio App";
			sourceTree = "<group>";
		};
		84B856362C48C8680054E514 /* Model */ = {
			isa = PBXGroup;
			children = (
				84B856392C48C8DB0054E514 /* ChartManager.swift */,
				84B8563B2C48E63E0054E514 /* ChartedData.swift */,
			);
			path = Model;
			sourceTree = "<group>";
		};
		84B856372C48C8720054E514 /* View */ = {
			isa = PBXGroup;
			children = (
				84B856282C48C4210054E514 /* Main.storyboard */,
			);
			path = View;
			sourceTree = "<group>";
		};
		84B856382C48C8770054E514 /* Controller */ = {
			isa = PBXGroup;
			children = (
				84B856262C48C4210054E514 /* ChartViewController.swift */,
			);
			path = Controller;
			sourceTree = "<group>";
		};
		CCB09BBBF99B7C041B25A99D /* Frameworks */ = {
			isa = PBXGroup;
			children = (
				A0752DE897B882957F5150A7 /* Pods_Mobile_Portofolio_App.framework */,
			);
			name = Frameworks;
			sourceTree = "<group>";
		};
/* End PBXGroup section */

/* Begin PBXNativeTarget section */
		84B8561E2C48C4200054E514 /* Mobile Portofolio App */ = {
			isa = PBXNativeTarget;
			buildConfigurationList = 84B856332C48C4220054E514 /* Build configuration list for PBXNativeTarget "Mobile Portofolio App" */;
			buildPhases = (
				0623500C9386D808CDB5DD2D /* [CP] Check Pods Manifest.lock */,
				84B8561B2C48C4200054E514 /* Sources */,
				84B8561C2C48C4200054E514 /* Frameworks */,
				84B8561D2C48C4200054E514 /* Resources */,
				6845EF0FF2D20672FCFA474F /* [CP] Embed Pods Frameworks */,
			);
			buildRules = (
			);
			dependencies = (
			);
			name = "Mobile Portofolio App";
			productName = "Mobile Portofolio App";
			productReference = 84B8561F2C48C4200054E514 /* Mobile Portofolio App.app */;
			productType = "com.apple.product-type.application";
		};
/* End PBXNativeTarget section */

/* Begin PBXProject section */
		84B856172C48C4200054E514 /* Project object */ = {
			isa = PBXProject;
			attributes = {
				BuildIndependentTargetsInParallel = 1;
				LastSwiftUpdateCheck = 1540;
				LastUpgradeCheck = 1540;
				TargetAttributes = {
					84B8561E2C48C4200054E514 = {
						CreatedOnToolsVersion = 15.4;
					};
				};
			};
			buildConfigurationList = 84B8561A2C48C4200054E514 /* Build configuration list for PBXProject "Mobile Portofolio App" */;
			compatibilityVersion = "Xcode 14.0";
			developmentRegion = en;
			hasScannedForEncodings = 0;
			knownRegions = (
				en,
				Base,
			);
			mainGroup = 84B856162C48C4200054E514;
			productRefGroup = 84B856202C48C4200054E514 /* Products */;
			projectDirPath = "";
			projectRoot = "";
			targets = (
				84B8561E2C48C4200054E514 /* Mobile Portofolio App */,
			);
		};
/* End PBXProject section */

/* Begin PBXResourcesBuildPhase section */
		84B8561D2C48C4200054E514 /* Resources */ = {
			isa = PBXResourcesBuildPhase;
			buildActionMask = 2147483647;
			files = (
				84B8562C2C48C4220054E514 /* Assets.xcassets in Resources */,
				84B8562F2C48C4220054E514 /* Base in Resources */,
				84B8562A2C48C4210054E514 /* Base in Resources */,
			);
			runOnlyForDeploymentPostprocessing = 0;
		};
/* End PBXResourcesBuildPhase section */

/* Begin PBXShellScriptBuildPhase section */
		0623500C9386D808CDB5DD2D /* [CP] Check Pods Manifest.lock */ = {
			isa = PBXShellScriptBuildPhase;
			buildActionMask = 2147483647;
			files = (
			);
			inputFileListPaths = (
			);
			inputPaths = (
				"${PODS_PODFILE_DIR_PATH}/Podfile.lock",
				"${PODS_ROOT}/Manifest.lock",
			);
			name = "[CP] Check Pods Manifest.lock";
			outputFileListPaths = (
			);
			outputPaths = (
				"$(DERIVED_FILE_DIR)/Pods-Mobile Portofolio App-checkManifestLockResult.txt",
			);
			runOnlyForDeploymentPostprocessing = 0;
			shellPath = /bin/sh;
			shellScript = "diff \"${PODS_PODFILE_DIR_PATH}/Podfile.lock\" \"${PODS_ROOT}/Manifest.lock\" > /dev/null\nif [ $? != 0 ] ; then\n    # print error to STDERR\n    echo \"error: The sandbox is not in sync with the Podfile.lock. Run 'pod install' or update your CocoaPods installation.\" >&2\n    exit 1\nfi\n# This output is used by Xcode 'outputs' to avoid re-running this script phase.\necho \"SUCCESS\" > \"${SCRIPT_OUTPUT_FILE_0}\"\n";
			showEnvVarsInLog = 0;
		};
		6845EF0FF2D20672FCFA474F /* [CP] Embed Pods Frameworks */ = {
			isa = PBXShellScriptBuildPhase;
			buildActionMask = 2147483647;
			files = (
			);
			inputFileListPaths = (
				"${PODS_ROOT}/Target Support Files/Pods-Mobile Portofolio App/Pods-Mobile Portofolio App-frameworks-${CONFIGURATION}-input-files.xcfilelist",
			);
			name = "[CP] Embed Pods Frameworks";
			outputFileListPaths = (
				"${PODS_ROOT}/Target Support Files/Pods-Mobile Portofolio App/Pods-Mobile Portofolio App-frameworks-${CONFIGURATION}-output-files.xcfilelist",
			);
			runOnlyForDeploymentPostprocessing = 0;
			shellPath = /bin/sh;
			shellScript = "\"${PODS_ROOT}/Target Support Files/Pods-Mobile Portofolio App/Pods-Mobile Portofolio App-frameworks.sh\"\n";
			showEnvVarsInLog = 0;
		};
/* End PBXShellScriptBuildPhase section */

/* Begin PBXSourcesBuildPhase section */
		84B8561B2C48C4200054E514 /* Sources */ = {
			isa = PBXSourcesBuildPhase;
			buildActionMask = 2147483647;
			files = (
				84B856272C48C4210054E514 /* ChartViewController.swift in Sources */,
				84B8563C2C48E63E0054E514 /* ChartedData.swift in Sources */,
				84B856232C48C4200054E514 /* AppDelegate.swift in Sources */,
				84B8563A2C48C8DB0054E514 /* ChartManager.swift in Sources */,
				84B856252C48C4210054E514 /* SceneDelegate.swift in Sources */,
			);
			runOnlyForDeploymentPostprocessing = 0;
		};
/* End PBXSourcesBuildPhase section */

/* Begin PBXVariantGroup section */
		84B856282C48C4210054E514 /* Main.storyboard */ = {
			isa = PBXVariantGroup;
			children = (
				84B856292C48C4210054E514 /* Base */,
			);
			name = Main.storyboard;
			sourceTree = "<group>";
		};
		84B8562D2C48C4220054E514 /* LaunchScreen.storyboard */ = {
			isa = PBXVariantGroup;
			children = (
				84B8562E2C48C4220054E514 /* Base */,
			);
			name = LaunchScreen.storyboard;
			sourceTree = "<group>";
		};
/* End PBXVariantGroup section */

/* Begin XCBuildConfiguration section */
		84B856312C48C4220054E514 /* Debug */ = {
			isa = XCBuildConfiguration;
			buildSettings = {
				ALWAYS_SEARCH_USER_PATHS = NO;
				ASSETCATALOG_COMPILER_GENERATE_SWIFT_ASSET_SYMBOL_EXTENSIONS = YES;
				CLANG_ANALYZER_NONNULL = YES;
				CLANG_ANALYZER_NUMBER_OBJECT_CONVERSION = YES_AGGRESSIVE;
				CLANG_CXX_LANGUAGE_STANDARD = "gnu++20";
				CLANG_ENABLE_MODULES = YES;
				CLANG_ENABLE_OBJC_ARC = YES;
				CLANG_ENABLE_OBJC_WEAK = YES;
				CLANG_WARN_BLOCK_CAPTURE_AUTORELEASING = YES;
				CLANG_WARN_BOOL_CONVERSION = YES;
				CLANG_WARN_COMMA = YES;
				CLANG_WARN_CONSTANT_CONVERSION = YES;
				CLANG_WARN_DEPRECATED_OBJC_IMPLEMENTATIONS = YES;
				CLANG_WARN_DIRECT_OBJC_ISA_USAGE = YES_ERROR;
				CLANG_WARN_DOCUMENTATION_COMMENTS = YES;
				CLANG_WARN_EMPTY_BODY = YES;
				CLANG_WARN_ENUM_CONVERSION = YES;
				CLANG_WARN_INFINITE_RECURSION = YES;
				CLANG_WARN_INT_CONVERSION = YES;
				CLANG_WARN_NON_LITERAL_NULL_CONVERSION = YES;
				CLANG_WARN_OBJC_IMPLICIT_RETAIN_SELF = YES;
				CLANG_WARN_OBJC_LITERAL_CONVERSION = YES;
				CLANG_WARN_OBJC_ROOT_CLASS = YES_ERROR;
				CLANG_WARN_QUOTED_INCLUDE_IN_FRAMEWORK_HEADER = YES;
				CLANG_WARN_RANGE_LOOP_ANALYSIS = YES;
				CLANG_WARN_STRICT_PROTOTYPES = YES;
				CLANG_WARN_SUSPICIOUS_MOVE = YES;
				CLANG_WARN_UNGUARDED_AVAILABILITY = YES_AGGRESSIVE;
				CLANG_WARN_UNREACHABLE_CODE = YES;
				CLANG_WARN__DUPLICATE_METHOD_MATCH = YES;
				COPY_PHASE_STRIP = NO;
				DEBUG_INFORMATION_FORMAT = dwarf;
				ENABLE_STRICT_OBJC_MSGSEND = YES;
				ENABLE_TESTABILITY = YES;
				ENABLE_USER_SCRIPT_SANDBOXING = NO;
				GCC_C_LANGUAGE_STANDARD = gnu17;
				GCC_DYNAMIC_NO_PIC = NO;
				GCC_NO_COMMON_BLOCKS = YES;
				GCC_OPTIMIZATION_LEVEL = 0;
				GCC_PREPROCESSOR_DEFINITIONS = (
					"DEBUG=1",
					"$(inherited)",
				);
				GCC_WARN_64_TO_32_BIT_CONVERSION = YES;
				GCC_WARN_ABOUT_RETURN_TYPE = YES_ERROR;
				GCC_WARN_UNDECLARED_SELECTOR = YES;
				GCC_WARN_UNINITIALIZED_AUTOS = YES_AGGRESSIVE;
				GCC_WARN_UNUSED_FUNCTION = YES;
				GCC_WARN_UNUSED_VARIABLE = YES;
				IPHONEOS_DEPLOYMENT_TARGET = 17.5;
				LOCALIZATION_PREFERS_STRING_CATALOGS = YES;
				MTL_ENABLE_DEBUG_INFO = INCLUDE_SOURCE;
				MTL_FAST_MATH = YES;
				ONLY_ACTIVE_ARCH = YES;
				SDKROOT = iphoneos;
				SWIFT_ACTIVE_COMPILATION_CONDITIONS = "DEBUG $(inherited)";
				SWIFT_OPTIMIZATION_LEVEL = "-Onone";
			};
			name = Debug;
		};
		84B856322C48C4220054E514 /* Release */ = {
			isa = XCBuildConfiguration;
			buildSettings = {
				ALWAYS_SEARCH_USER_PATHS = NO;
				ASSETCATALOG_COMPILER_GENERATE_SWIFT_ASSET_SYMBOL_EXTENSIONS = YES;
				CLANG_ANALYZER_NONNULL = YES;
				CLANG_ANALYZER_NUMBER_OBJECT_CONVERSION = YES_AGGRESSIVE;
				CLANG_CXX_LANGUAGE_STANDARD = "gnu++20";
				CLANG_ENABLE_MODULES = YES;
				CLANG_ENABLE_OBJC_ARC = YES;
				CLANG_ENABLE_OBJC_WEAK = YES;
				CLANG_WARN_BLOCK_CAPTURE_AUTORELEASING = YES;
				CLANG_WARN_BOOL_CONVERSION = YES;
				CLANG_WARN_COMMA = YES;
				CLANG_WARN_CONSTANT_CONVERSION = YES;
				CLANG_WARN_DEPRECATED_OBJC_IMPLEMENTATIONS = YES;
				CLANG_WARN_DIRECT_OBJC_ISA_USAGE = YES_ERROR;
				CLANG_WARN_DOCUMENTATION_COMMENTS = YES;
				CLANG_WARN_EMPTY_BODY = YES;
				CLANG_WARN_ENUM_CONVERSION = YES;
				CLANG_WARN_INFINITE_RECURSION = YES;
				CLANG_WARN_INT_CONVERSION = YES;
				CLANG_WARN_NON_LITERAL_NULL_CONVERSION = YES;
				CLANG_WARN_OBJC_IMPLICIT_RETAIN_SELF = YES;
				CLANG_WARN_OBJC_LITERAL_CONVERSION = YES;
				CLANG_WARN_OBJC_ROOT_CLASS = YES_ERROR;
				CLANG_WARN_QUOTED_INCLUDE_IN_FRAMEWORK_HEADER = YES;
				CLANG_WARN_RANGE_LOOP_ANALYSIS = YES;
				CLANG_WARN_STRICT_PROTOTYPES = YES;
				CLANG_WARN_SUSPICIOUS_MOVE = YES;
				CLANG_WARN_UNGUARDED_AVAILABILITY = YES_AGGRESSIVE;
				CLANG_WARN_UNREACHABLE_CODE = YES;
				CLANG_WARN__DUPLICATE_METHOD_MATCH = YES;
				COPY_PHASE_STRIP = NO;
				DEBUG_INFORMATION_FORMAT = "dwarf-with-dsym";
				ENABLE_NS_ASSERTIONS = NO;
				ENABLE_STRICT_OBJC_MSGSEND = YES;
				ENABLE_USER_SCRIPT_SANDBOXING = NO;
				GCC_C_LANGUAGE_STANDARD = gnu17;
				GCC_NO_COMMON_BLOCKS = YES;
				GCC_WARN_64_TO_32_BIT_CONVERSION = YES;
				GCC_WARN_ABOUT_RETURN_TYPE = YES_ERROR;
				GCC_WARN_UNDECLARED_SELECTOR = YES;
				GCC_WARN_UNINITIALIZED_AUTOS = YES_AGGRESSIVE;
				GCC_WARN_UNUSED_FUNCTION = YES;
				GCC_WARN_UNUSED_VARIABLE = YES;
				IPHONEOS_DEPLOYMENT_TARGET = 17.5;
				LOCALIZATION_PREFERS_STRING_CATALOGS = YES;
				MTL_ENABLE_DEBUG_INFO = NO;
				MTL_FAST_MATH = YES;
				SDKROOT = iphoneos;
				SWIFT_COMPILATION_MODE = wholemodule;
				VALIDATE_PRODUCT = YES;
			};
			name = Release;
		};
		84B856342C48C4220054E514 /* Debug */ = {
			isa = XCBuildConfiguration;
			baseConfigurationReference = 9115A6A5D88304C7C9E27411 /* Pods-Mobile Portofolio App.debug.xcconfig */;
			buildSettings = {
				ASSETCATALOG_COMPILER_APPICON_NAME = AppIcon;
				ASSETCATALOG_COMPILER_GLOBAL_ACCENT_COLOR_NAME = AccentColor;
				CODE_SIGN_STYLE = Automatic;
				CURRENT_PROJECT_VERSION = 1;
				DEVELOPMENT_TEAM = NSD9X7AA56;
				GENERATE_INFOPLIST_FILE = YES;
				INFOPLIST_FILE = "Mobile Portofolio App/Info.plist";
				INFOPLIST_KEY_UIApplicationSupportsIndirectInputEvents = YES;
				INFOPLIST_KEY_UILaunchStoryboardName = LaunchScreen;
				INFOPLIST_KEY_UIMainStoryboardFile = Main;
				INFOPLIST_KEY_UISupportedInterfaceOrientations_iPad = "UIInterfaceOrientationPortrait UIInterfaceOrientationPortraitUpsideDown UIInterfaceOrientationLandscapeLeft UIInterfaceOrientationLandscapeRight";
				INFOPLIST_KEY_UISupportedInterfaceOrientations_iPhone = "UIInterfaceOrientationPortrait UIInterfaceOrientationLandscapeLeft UIInterfaceOrientationLandscapeRight";
				LD_RUNPATH_SEARCH_PATHS = (
					"$(inherited)",
					"@executable_path/Frameworks",
				);
				MARKETING_VERSION = 1.0;
				PRODUCT_BUNDLE_IDENTIFIER = "MII.Mobile-Portofolio-App";
				PRODUCT_NAME = "$(TARGET_NAME)";
				SWIFT_EMIT_LOC_STRINGS = YES;
				SWIFT_VERSION = 5.0;
				TARGETED_DEVICE_FAMILY = "1,2";
			};
			name = Debug;
		};
		84B856352C48C4220054E514 /* Release */ = {
			isa = XCBuildConfiguration;
			baseConfigurationReference = A08E98BEF03FC9CC0504CDD7 /* Pods-Mobile Portofolio App.release.xcconfig */;
			buildSettings = {
				ASSETCATALOG_COMPILER_APPICON_NAME = AppIcon;
				ASSETCATALOG_COMPILER_GLOBAL_ACCENT_COLOR_NAME = AccentColor;
				CODE_SIGN_STYLE = Automatic;
				CURRENT_PROJECT_VERSION = 1;
				DEVELOPMENT_TEAM = NSD9X7AA56;
				GENERATE_INFOPLIST_FILE = YES;
				INFOPLIST_FILE = "Mobile Portofolio App/Info.plist";
				INFOPLIST_KEY_UIApplicationSupportsIndirectInputEvents = YES;
				INFOPLIST_KEY_UILaunchStoryboardName = LaunchScreen;
				INFOPLIST_KEY_UIMainStoryboardFile = Main;
				INFOPLIST_KEY_UISupportedInterfaceOrientations_iPad = "UIInterfaceOrientationPortrait UIInterfaceOrientationPortraitUpsideDown UIInterfaceOrientationLandscapeLeft UIInterfaceOrientationLandscapeRight";
				INFOPLIST_KEY_UISupportedInterfaceOrientations_iPhone = "UIInterfaceOrientationPortrait UIInterfaceOrientationLandscapeLeft UIInterfaceOrientationLandscapeRight";
				LD_RUNPATH_SEARCH_PATHS = (
					"$(inherited)",
					"@executable_path/Frameworks",
				);
				MARKETING_VERSION = 1.0;
				PRODUCT_BUNDLE_IDENTIFIER = "MII.Mobile-Portofolio-App";
				PRODUCT_NAME = "$(TARGET_NAME)";
				SWIFT_EMIT_LOC_STRINGS = YES;
				SWIFT_VERSION = 5.0;
				TARGETED_DEVICE_FAMILY = "1,2";
			};
			name = Release;
		};
/* End XCBuildConfiguration section */

/* Begin XCConfigurationList section */
		84B8561A2C48C4200054E514 /* Build configuration list for PBXProject "Mobile Portofolio App" */ = {
			isa = XCConfigurationList;
			buildConfigurations = (
				84B856312C48C4220054E514 /* Debug */,
				84B856322C48C4220054E514 /* Release */,
			);
			defaultConfigurationIsVisible = 0;
			defaultConfigurationName = Release;
		};
		84B856332C48C4220054E514 /* Build configuration list for PBXNativeTarget "Mobile Portofolio App" */ = {
			isa = XCConfigurationList;
			buildConfigurations = (
				84B856342C48C4220054E514 /* Debug */,
				84B856352C48C4220054E514 /* Release */,
			);
			defaultConfigurationIsVisible = 0;
			defaultConfigurationName = Release;
		};
/* End XCConfigurationList section */
	};
	rootObject = 84B856172C48C4200054E514 /* Project object */;
}
